
Microsoft Visual Studio Solution File, Format Version 12.00
# Visual Studio Version 17
VisualStudioVersion = 17.8.34004.107
MinimumVisualStudioVersion = 10.0.40219.1
Project("{FAE04EC0-301F-11D3-BF4B-00C04F79EFBC}") = "PersistedStorage", "PersistenceStorage\PersistedStorage.csproj", "{A92E4D41-9D05-4F2D-91D7-120F497F0111}"
EndProject
Project("{FAE04EC0-301F-11D3-BF4B-00C04F79EFBC}") = "MainApp", "MainApp\MainApp.csproj", "{CAC72C19-613D-40D2-8FF2-57E85CAB3797}"
EndProject
Global
	GlobalSection(SolutionConfigurationPlatforms) = preSolution
		Debug|Any CPU = Debug|Any CPU
		Release|Any CPU = Release|Any CPU
	EndGlobalSection
	GlobalSection(ProjectConfigurationPlatforms) = postSolution
		{A92E4D41-9D05-4F2D-91D7-120F497F0111}.Debug|Any CPU.ActiveCfg = Debug|Any CPU
		{A92E4D41-9D05-4F2D-91D7-120F497F0111}.Debug|Any CPU.Build.0 = Debug|Any CPU
		{A92E4D41-9D05-4F2D-91D7-120F497F0111}.Release|Any CPU.ActiveCfg = Release|Any CPU
		{A92E4D41-9D05-4F2D-91D7-120F497F0111}.Release|Any CPU.Build.0 = Release|Any CPU
		{CAC72C19-613D-40D2-8FF2-57E85CAB3797}.Debug|Any CPU.ActiveCfg = Debug|Any CPU
		{CAC72C19-613D-40D2-8FF2-57E85CAB3797}.Debug|Any CPU.Build.0 = Debug|Any CPU
		{CAC72C19-613D-40D2-8FF2-57E85CAB3797}.Release|Any CPU.ActiveCfg = Release|Any CPU
		{CAC72C19-613D-40D2-8FF2-57E85CAB3797}.Release|Any CPU.Build.0 = Release|Any CPU
	EndGlobalSection
	GlobalSection(SolutionProperties) = preSolution
		HideSolutionNode = FALSE
	EndGlobalSection
	GlobalSection(ExtensibilityGlobals) = postSolution
		SolutionGuid = {821ED9EF-E84F-4DF7-BE81-9A17459D0132}
	EndGlobalSection
EndGlobal
